// !$*UTF8*$!
{
	archiveVersion = 1;
	classes = {
	};
	objectVersion = 46;
	objects = {

/* Begin PBXBuildFile section */
		F7359C271D57A7280078980B /* QRead.cpp in Sources */ = {isa = PBXBuildFile; fileRef = F7359C241D57A7280078980B /* QRead.cpp */; };
		F7359C281D57A7280078980B /* CmdParser.cpp in Sources */ = {isa = PBXBuildFile; fileRef = F7359C251D57A7280078980B /* CmdParser.cpp */; };
		F7359C291D57A7280078980B /* main.cpp in Sources */ = {isa = PBXBuildFile; fileRef = F7359C261D57A7280078980B /* main.cpp */; };
		F7359C2C1D57A7550078980B /* ERR037900_1.first1000.fastq in CopyFiles */ = {isa = PBXBuildFile; fileRef = F7359C2A1D57A7370078980B /* ERR037900_1.first1000.fastq */; };
		F7359C2D1D57A7550078980B /* example.fastq in CopyFiles */ = {isa = PBXBuildFile; fileRef = F7359C2B1D57A7370078980B /* example.fastq */; };
/* End PBXBuildFile section */

/* Begin PBXCopyFilesBuildPhase section */
		F7F6DEFD1D56308F00638534 /* CopyFiles */ = {
			isa = PBXCopyFilesBuildPhase;
			buildActionMask = 12;
			dstPath = "";
			dstSubfolderSpec = 16;
			files = (
				F7359C2C1D57A7550078980B /* ERR037900_1.first1000.fastq in CopyFiles */,
				F7359C2D1D57A7550078980B /* example.fastq in CopyFiles */,
			);
			runOnlyForDeploymentPostprocessing = 0;
		};
/* End PBXCopyFilesBuildPhase section */

/* Begin PBXFileReference section */
		F7359C1F1D57A6DD0078980B /* Makefile */ = {isa = PBXFileReference; fileEncoding = 4; lastKnownFileType = sourcecode.make; path = Makefile; sourceTree = "<group>"; };
		F7359C211D57A7210078980B /* QRead.hpp */ = {isa = PBXFileReference; lastKnownFileType = sourcecode.cpp.h; name = QRead.hpp; path = include/QRead.hpp; sourceTree = "<group>"; };
		F7359C221D57A7210078980B /* CmdParser.hpp */ = {isa = PBXFileReference; lastKnownFileType = sourcecode.cpp.h; name = CmdParser.hpp; path = include/CmdParser.hpp; sourceTree = "<group>"; };
		F7359C231D57A7210078980B /* Util.hpp */ = {isa = PBXFileReference; lastKnownFileType = sourcecode.cpp.h; name = Util.hpp; path = include/Util.hpp; sourceTree = "<group>"; };
		F7359C241D57A7280078980B /* QRead.cpp */ = {isa = PBXFileReference; fileEncoding = 4; lastKnownFileType = sourcecode.cpp.cpp; name = QRead.cpp; path = src/QRead.cpp; sourceTree = "<group>"; };
		F7359C251D57A7280078980B /* CmdParser.cpp */ = {isa = PBXFileReference; fileEncoding = 4; lastKnownFileType = sourcecode.cpp.cpp; name = CmdParser.cpp; path = src/CmdParser.cpp; sourceTree = "<group>"; };
		F7359C261D57A7280078980B /* main.cpp */ = {isa = PBXFileReference; fileEncoding = 4; lastKnownFileType = sourcecode.cpp.cpp; name = main.cpp; path = src/main.cpp; sourceTree = "<group>"; };
		F7359C2A1D57A7370078980B /* ERR037900_1.first1000.fastq */ = {isa = PBXFileReference; lastKnownFileType = text; name = ERR037900_1.first1000.fastq; path = res/ERR037900_1.first1000.fastq; sourceTree = "<group>"; };
		F7359C2B1D57A7370078980B /* example.fastq */ = {isa = PBXFileReference; lastKnownFileType = text; name = example.fastq; path = res/example.fastq; sourceTree = "<group>"; };
		F75441471D5699210006935A /* README.md */ = {isa = PBXFileReference; fileEncoding = 4; lastKnownFileType = net.daringfireball.markdown; path = README.md; sourceTree = "<group>"; };
		F7F6DEFF1D56308F00638534 /* KmerFreq */ = {isa = PBXFileReference; explicitFileType = "compiled.mach-o.executable"; includeInIndex = 0; path = KmerFreq; sourceTree = BUILT_PRODUCTS_DIR; };
/* End PBXFileReference section */

/* Begin PBXFrameworksBuildPhase section */
		F7F6DEFC1D56308F00638534 /* Frameworks */ = {
			isa = PBXFrameworksBuildPhase;
			buildActionMask = 2147483647;
			files = (
			);
			runOnlyForDeploymentPostprocessing = 0;
		};
/* End PBXFrameworksBuildPhase section */

/* Begin PBXGroup section */
		F75441511D56C9200006935A /* res */ = {
			isa = PBXGroup;
			children = (
				F7359C2A1D57A7370078980B /* ERR037900_1.first1000.fastq */,
				F7359C2B1D57A7370078980B /* example.fastq */,
			);
			name = res;
			sourceTree = "<group>";
		};
		F7F6DEF61D56308F00638534 = {
			isa = PBXGroup;
			children = (
				F7F6DF011D56308F00638534 /* KmerFreq */,
				F7F6DF001D56308F00638534 /* Products */,
			);
			sourceTree = "<group>";
		};
		F7F6DF001D56308F00638534 /* Products */ = {
			isa = PBXGroup;
			children = (
				F7F6DEFF1D56308F00638534 /* KmerFreq */,
			);
			name = Products;
			sourceTree = "<group>";
		};
		F7F6DF011D56308F00638534 /* KmerFreq */ = {
			isa = PBXGroup;
			children = (
				F75441471D5699210006935A /* README.md */,
				F7359C1F1D57A6DD0078980B /* Makefile */,
				F7359C261D57A7280078980B /* main.cpp */,
				F7359C231D57A7210078980B /* Util.hpp */,
				F7359C221D57A7210078980B /* CmdParser.hpp */,
				F7359C251D57A7280078980B /* CmdParser.cpp */,
				F7359C211D57A7210078980B /* QRead.hpp */,
				F7359C241D57A7280078980B /* QRead.cpp */,
				F75441511D56C9200006935A /* res */,
			);
			path = KmerFreq;
			sourceTree = "<group>";
		};
/* End PBXGroup section */

/* Begin PBXNativeTarget section */
		F7F6DEFE1D56308F00638534 /* KmerFreq */ = {
			isa = PBXNativeTarget;
			buildConfigurationList = F7F6DF061D56308F00638534 /* Build configuration list for PBXNativeTarget "KmerFreq" */;
			buildPhases = (
				F7F6DEFB1D56308F00638534 /* Sources */,
				F7F6DEFC1D56308F00638534 /* Frameworks */,
				F7F6DEFD1D56308F00638534 /* CopyFiles */,
			);
			buildRules = (
			);
			dependencies = (
			);
			name = KmerFreq;
			productName = KmerFreq;
			productReference = F7F6DEFF1D56308F00638534 /* KmerFreq */;
			productType = "com.apple.product-type.tool";
		};
/* End PBXNativeTarget section */

/* Begin PBXProject section */
		F7F6DEF71D56308F00638534 /* Project object */ = {
			isa = PBXProject;
			attributes = {
				LastUpgradeCheck = 0730;
				ORGANIZATIONNAME = "Evren KANALICI";
				TargetAttributes = {
					F7F6DEFE1D56308F00638534 = {
						CreatedOnToolsVersion = 7.3.1;
					};
				};
			};
			buildConfigurationList = F7F6DEFA1D56308F00638534 /* Build configuration list for PBXProject "KmerFreq" */;
			compatibilityVersion = "Xcode 3.2";
			developmentRegion = English;
			hasScannedForEncodings = 0;
			knownRegions = (
				en,
			);
			mainGroup = F7F6DEF61D56308F00638534;
			productRefGroup = F7F6DF001D56308F00638534 /* Products */;
			projectDirPath = "";
			projectRoot = "";
			targets = (
				F7F6DEFE1D56308F00638534 /* KmerFreq */,
			);
		};
/* End PBXProject section */

/* Begin PBXSourcesBuildPhase section */
		F7F6DEFB1D56308F00638534 /* Sources */ = {
			isa = PBXSourcesBuildPhase;
			buildActionMask = 2147483647;
			files = (
				F7359C271D57A7280078980B /* QRead.cpp in Sources */,
				F7359C281D57A7280078980B /* CmdParser.cpp in Sources */,
				F7359C291D57A7280078980B /* main.cpp in Sources */,
			);
			runOnlyForDeploymentPostprocessing = 0;
		};
/* End PBXSourcesBuildPhase section */

/* Begin XCBuildConfiguration section */
		F7F6DF041D56308F00638534 /* Debug */ = {
			isa = XCBuildConfiguration;
			buildSettings = {
				ALWAYS_SEARCH_USER_PATHS = NO;
				CLANG_ANALYZER_NONNULL = YES;
				CLANG_CXX_LANGUAGE_STANDARD = "gnu++0x";
				CLANG_CXX_LIBRARY = "libc++";
				CLANG_ENABLE_MODULES = YES;
				CLANG_ENABLE_OBJC_ARC = YES;
				CLANG_WARN_BOOL_CONVERSION = YES;
				CLANG_WARN_CONSTANT_CONVERSION = YES;
				CLANG_WARN_DIRECT_OBJC_ISA_USAGE = YES_ERROR;
				CLANG_WARN_EMPTY_BODY = YES;
				CLANG_WARN_ENUM_CONVERSION = YES;
				CLANG_WARN_INT_CONVERSION = YES;
				CLANG_WARN_OBJC_ROOT_CLASS = YES_ERROR;
				CLANG_WARN_UNREACHABLE_CODE = YES;
				CLANG_WARN__DUPLICATE_METHOD_MATCH = YES;
				CODE_SIGN_IDENTITY = "-";
				COPY_PHASE_STRIP = NO;
				DEBUG_INFORMATION_FORMAT = dwarf;
				ENABLE_STRICT_OBJC_MSGSEND = YES;
				ENABLE_TESTABILITY = YES;
				GCC_C_LANGUAGE_STANDARD = gnu99;
				GCC_DYNAMIC_NO_PIC = NO;
				GCC_NO_COMMON_BLOCKS = YES;
				GCC_OPTIMIZATION_LEVEL = 0;
				GCC_PREPROCESSOR_DEFINITIONS = (
					"DEBUG=1",
					"$(inherited)",
				);
				GCC_WARN_64_TO_32_BIT_CONVERSION = YES;
				GCC_WARN_ABOUT_RETURN_TYPE = YES_ERROR;
				GCC_WARN_UNDECLARED_SELECTOR = YES;
				GCC_WARN_UNINITIALIZED_AUTOS = YES_AGGRESSIVE;
				GCC_WARN_UNUSED_FUNCTION = YES;
				GCC_WARN_UNUSED_VARIABLE = YES;
				MACOSX_DEPLOYMENT_TARGET = 10.11;
				MTL_ENABLE_DEBUG_INFO = YES;
				ONLY_ACTIVE_ARCH = YES;
				SDKROOT = macosx;
			};
			name = Debug;
		};
		F7F6DF051D56308F00638534 /* Release */ = {
			isa = XCBuildConfiguration;
			buildSettings = {
				ALWAYS_SEARCH_USER_PATHS = NO;
				CLANG_ANALYZER_NONNULL = YES;
				CLANG_CXX_LANGUAGE_STANDARD = "gnu++0x";
				CLANG_CXX_LIBRARY = "libc++";
				CLANG_ENABLE_MODULES = YES;
				CLANG_ENABLE_OBJC_ARC = YES;
				CLANG_WARN_BOOL_CONVERSION = YES;
				CLANG_WARN_CONSTANT_CONVERSION = YES;
				CLANG_WARN_DIRECT_OBJC_ISA_USAGE = YES_ERROR;
				CLANG_WARN_EMPTY_BODY = YES;
				CLANG_WARN_ENUM_CONVERSION = YES;
				CLANG_WARN_INT_CONVERSION = YES;
				CLANG_WARN_OBJC_ROOT_CLASS = YES_ERROR;
				CLANG_WARN_UNREACHABLE_CODE = YES;
				CLANG_WARN__DUPLICATE_METHOD_MATCH = YES;
				CODE_SIGN_IDENTITY = "-";
				COPY_PHASE_STRIP = NO;
				DEBUG_INFORMATION_FORMAT = "dwarf-with-dsym";
				ENABLE_NS_ASSERTIONS = NO;
				ENABLE_STRICT_OBJC_MSGSEND = YES;
				GCC_C_LANGUAGE_STANDARD = gnu99;
				GCC_NO_COMMON_BLOCKS = YES;
				GCC_WARN_64_TO_32_BIT_CONVERSION = YES;
				GCC_WARN_ABOUT_RETURN_TYPE = YES_ERROR;
				GCC_WARN_UNDECLARED_SELECTOR = YES;
				GCC_WARN_UNINITIALIZED_AUTOS = YES_AGGRESSIVE;
				GCC_WARN_UNUSED_FUNCTION = YES;
				GCC_WARN_UNUSED_VARIABLE = YES;
				MACOSX_DEPLOYMENT_TARGET = 10.11;
				MTL_ENABLE_DEBUG_INFO = NO;
				SDKROOT = macosx;
			};
			name = Release;
		};
		F7F6DF071D56308F00638534 /* Debug */ = {
			isa = XCBuildConfiguration;
			buildSettings = {
				PRODUCT_NAME = "$(TARGET_NAME)";
			};
			name = Debug;
		};
		F7F6DF081D56308F00638534 /* Release */ = {
			isa = XCBuildConfiguration;
			buildSettings = {
				PRODUCT_NAME = "$(TARGET_NAME)";
			};
			name = Release;
		};
/* End XCBuildConfiguration section */

/* Begin XCConfigurationList section */
		F7F6DEFA1D56308F00638534 /* Build configuration list for PBXProject "KmerFreq" */ = {
			isa = XCConfigurationList;
			buildConfigurations = (
				F7F6DF041D56308F00638534 /* Debug */,
				F7F6DF051D56308F00638534 /* Release */,
			);
			defaultConfigurationIsVisible = 0;
			defaultConfigurationName = Release;
		};
		F7F6DF061D56308F00638534 /* Build configuration list for PBXNativeTarget "KmerFreq" */ = {
			isa = XCConfigurationList;
			buildConfigurations = (
				F7F6DF071D56308F00638534 /* Debug */,
				F7F6DF081D56308F00638534 /* Release */,
			);
			defaultConfigurationIsVisible = 0;
			defaultConfigurationName = Release;
		};
/* End XCConfigurationList section */
	};
	rootObject = F7F6DEF71D56308F00638534 /* Project object */;
}
